// !$*UTF8*$!
{
	archiveVersion = 1;
	classes = {
	};
	objectVersion = 46;
	objects = {

/* Begin PBXBuildFile section */
		ABC20821193922CF00128F18 /* Foundation.framework in Frameworks */ = {isa = PBXBuildFile; fileRef = ABC207F51939223900128F18 /* Foundation.framework */; };
		ABC20826193922CF00128F18 /* Settings.h in CopyFiles */ = {isa = PBXBuildFile; fileRef = ABC20825193922CF00128F18 /* Settings.h */; };
		ABC20828193922CF00128F18 /* Settings.m in Sources */ = {isa = PBXBuildFile; fileRef = ABC20827193922CF00128F18 /* Settings.m */; };
		ABC2082E193922CF00128F18 /* XCTest.framework in Frameworks */ = {isa = PBXBuildFile; fileRef = ABC208031939223900128F18 /* XCTest.framework */; };
		ABC2082F193922CF00128F18 /* Foundation.framework in Frameworks */ = {isa = PBXBuildFile; fileRef = ABC207F51939223900128F18 /* Foundation.framework */; };
		ABC20830193922CF00128F18 /* UIKit.framework in Frameworks */ = {isa = PBXBuildFile; fileRef = ABC208061939223900128F18 /* UIKit.framework */; };
		ABC20833193922CF00128F18 /* libSettings.a in Frameworks */ = {isa = PBXBuildFile; fileRef = ABC20820193922CF00128F18 /* libSettings.a */; };
		ABC20839193922CF00128F18 /* InfoPlist.strings in Resources */ = {isa = PBXBuildFile; fileRef = ABC20837193922CF00128F18 /* InfoPlist.strings */; };
		ABC2083B193922CF00128F18 /* SettingsTests.m in Sources */ = {isa = PBXBuildFile; fileRef = ABC2083A193922CF00128F18 /* SettingsTests.m */; };
/* End PBXBuildFile section */

/* Begin PBXContainerItemProxy section */
		ABC20831193922CF00128F18 /* PBXContainerItemProxy */ = {
			isa = PBXContainerItemProxy;
			containerPortal = ABC207EA1939223900128F18 /* Project object */;
			proxyType = 1;
			remoteGlobalIDString = ABC2081F193922CF00128F18;
			remoteInfo = Settings;
		};
/* End PBXContainerItemProxy section */

/* Begin PBXCopyFilesBuildPhase section */
		ABC2081E193922CF00128F18 /* CopyFiles */ = {
			isa = PBXCopyFilesBuildPhase;
			buildActionMask = 2147483647;
			dstPath = "include/$(PRODUCT_NAME)";
			dstSubfolderSpec = 16;
			files = (
				ABC20826193922CF00128F18 /* Settings.h in CopyFiles */,
			);
			runOnlyForDeploymentPostprocessing = 0;
		};
/* End PBXCopyFilesBuildPhase section */

/* Begin PBXFileReference section */
		ABC207F51939223900128F18 /* Foundation.framework */ = {isa = PBXFileReference; lastKnownFileType = wrapper.framework; name = Foundation.framework; path = System/Library/Frameworks/Foundation.framework; sourceTree = SDKROOT; };
		ABC208031939223900128F18 /* XCTest.framework */ = {isa = PBXFileReference; lastKnownFileType = wrapper.framework; name = XCTest.framework; path = Library/Frameworks/XCTest.framework; sourceTree = DEVELOPER_DIR; };
		ABC208061939223900128F18 /* UIKit.framework */ = {isa = PBXFileReference; lastKnownFileType = wrapper.framework; name = UIKit.framework; path = Library/Frameworks/UIKit.framework; sourceTree = DEVELOPER_DIR; };
		ABC20820193922CF00128F18 /* libSettings.a */ = {isa = PBXFileReference; explicitFileType = archive.ar; includeInIndex = 0; path = libSettings.a; sourceTree = BUILT_PRODUCTS_DIR; };
		ABC20824193922CF00128F18 /* Settings-Prefix.pch */ = {isa = PBXFileReference; lastKnownFileType = sourcecode.c.h; path = "Settings-Prefix.pch"; sourceTree = "<group>"; };
		ABC20825193922CF00128F18 /* Settings.h */ = {isa = PBXFileReference; lastKnownFileType = sourcecode.c.h; path = Settings.h; sourceTree = "<group>"; };
		ABC20827193922CF00128F18 /* Settings.m */ = {isa = PBXFileReference; lastKnownFileType = sourcecode.c.objc; path = Settings.m; sourceTree = "<group>"; };
		ABC2082D193922CF00128F18 /* SettingsTests.xctest */ = {isa = PBXFileReference; explicitFileType = wrapper.cfbundle; includeInIndex = 0; path = SettingsTests.xctest; sourceTree = BUILT_PRODUCTS_DIR; };
		ABC20836193922CF00128F18 /* SettingsTests-Info.plist */ = {isa = PBXFileReference; lastKnownFileType = text.plist.xml; path = "SettingsTests-Info.plist"; sourceTree = "<group>"; };
		ABC20838193922CF00128F18 /* en */ = {isa = PBXFileReference; lastKnownFileType = text.plist.strings; name = en; path = en.lproj/InfoPlist.strings; sourceTree = "<group>"; };
		ABC2083A193922CF00128F18 /* SettingsTests.m */ = {isa = PBXFileReference; lastKnownFileType = sourcecode.c.objc; path = SettingsTests.m; sourceTree = "<group>"; };
/* End PBXFileReference section */

/* Begin PBXFrameworksBuildPhase section */
		ABC2081D193922CF00128F18 /* Frameworks */ = {
			isa = PBXFrameworksBuildPhase;
			buildActionMask = 2147483647;
			files = (
				ABC20821193922CF00128F18 /* Foundation.framework in Frameworks */,
			);
			runOnlyForDeploymentPostprocessing = 0;
		};
		ABC2082A193922CF00128F18 /* Frameworks */ = {
			isa = PBXFrameworksBuildPhase;
			buildActionMask = 2147483647;
			files = (
				ABC20833193922CF00128F18 /* libSettings.a in Frameworks */,
				ABC2082E193922CF00128F18 /* XCTest.framework in Frameworks */,
				ABC20830193922CF00128F18 /* UIKit.framework in Frameworks */,
				ABC2082F193922CF00128F18 /* Foundation.framework in Frameworks */,
			);
			runOnlyForDeploymentPostprocessing = 0;
		};
/* End PBXFrameworksBuildPhase section */

/* Begin PBXGroup section */
		ABC207E91939223900128F18 = {
			isa = PBXGroup;
			children = (
				ABC20822193922CF00128F18 /* Settings */,
				ABC207F41939223900128F18 /* Frameworks */,
				ABC207F31939223900128F18 /* Products */,
			);
			sourceTree = "<group>";
		};
		ABC207F31939223900128F18 /* Products */ = {
			isa = PBXGroup;
			children = (
				ABC20820193922CF00128F18 /* libSettings.a */,
				ABC2082D193922CF00128F18 /* SettingsTests.xctest */,
			);
			name = Products;
			sourceTree = "<group>";
		};
		ABC207F41939223900128F18 /* Frameworks */ = {
			isa = PBXGroup;
			children = (
				ABC207F51939223900128F18 /* Foundation.framework */,
				ABC208031939223900128F18 /* XCTest.framework */,
				ABC208061939223900128F18 /* UIKit.framework */,
			);
			name = Frameworks;
			sourceTree = "<group>";
		};
		ABC20822193922CF00128F18 /* Settings */ = {
			isa = PBXGroup;
			children = (
				ABC20825193922CF00128F18 /* Settings.h */,
				ABC20827193922CF00128F18 /* Settings.m */,
				ABC20823193922CF00128F18 /* Supporting Files */,
				ABC20834193922CF00128F18 /* SettingsTests */,
			);
			path = Settings;
			sourceTree = "<group>";
		};
		ABC20823193922CF00128F18 /* Supporting Files */ = {
			isa = PBXGroup;
			children = (
				ABC20824193922CF00128F18 /* Settings-Prefix.pch */,
			);
			name = "Supporting Files";
			sourceTree = "<group>";
		};
		ABC20834193922CF00128F18 /* SettingsTests */ = {
			isa = PBXGroup;
			children = (
				ABC2083A193922CF00128F18 /* SettingsTests.m */,
				ABC20835193922CF00128F18 /* Supporting Files */,
			);
			path = SettingsTests;
			sourceTree = SOURCE_ROOT;
		};
		ABC20835193922CF00128F18 /* Supporting Files */ = {
			isa = PBXGroup;
			children = (
				ABC20836193922CF00128F18 /* SettingsTests-Info.plist */,
				ABC20837193922CF00128F18 /* InfoPlist.strings */,
			);
			name = "Supporting Files";
			sourceTree = "<group>";
		};
/* End PBXGroup section */

/* Begin PBXNativeTarget section */
		ABC2081F193922CF00128F18 /* Settings */ = {
			isa = PBXNativeTarget;
			buildConfigurationList = ABC2083C193922CF00128F18 /* Build configuration list for PBXNativeTarget "Settings" */;
			buildPhases = (
				ABC2081C193922CF00128F18 /* Sources */,
				ABC2081D193922CF00128F18 /* Frameworks */,
				ABC2081E193922CF00128F18 /* CopyFiles */,
			);
			buildRules = (
			);
			dependencies = (
			);
			name = Settings;
			productName = Settings;
			productReference = ABC20820193922CF00128F18 /* libSettings.a */;
			productType = "com.apple.product-type.library.static";
		};
		ABC2082C193922CF00128F18 /* SettingsTests */ = {
			isa = PBXNativeTarget;
			buildConfigurationList = ABC2083F193922CF00128F18 /* Build configuration list for PBXNativeTarget "SettingsTests" */;
			buildPhases = (
				ABC20829193922CF00128F18 /* Sources */,
				ABC2082A193922CF00128F18 /* Frameworks */,
				ABC2082B193922CF00128F18 /* Resources */,
			);
			buildRules = (
			);
			dependencies = (
				ABC20832193922CF00128F18 /* PBXTargetDependency */,
			);
			name = SettingsTests;
			productName = SettingsTests;
			productReference = ABC2082D193922CF00128F18 /* SettingsTests.xctest */;
			productType = "com.apple.product-type.bundle.unit-test";
		};
/* End PBXNativeTarget section */

/* Begin PBXProject section */
		ABC207EA1939223900128F18 /* Project object */ = {
			isa = PBXProject;
			attributes = {
				LastUpgradeCheck = 0510;
			};
			buildConfigurationList = ABC207ED1939223900128F18 /* Build configuration list for PBXProject "GLibrary" */;
			compatibilityVersion = "Xcode 3.2";
			developmentRegion = English;
			hasScannedForEncodings = 0;
			knownRegions = (
				en,
			);
			mainGroup = ABC207E91939223900128F18;
			productRefGroup = ABC207F31939223900128F18 /* Products */;
			projectDirPath = "";
			projectRoot = "";
			targets = (
				ABC2081F193922CF00128F18 /* Settings */,
				ABC2082C193922CF00128F18 /* SettingsTests */,
			);
		};
/* End PBXProject section */

/* Begin PBXResourcesBuildPhase section */
		ABC2082B193922CF00128F18 /* Resources */ = {
			isa = PBXResourcesBuildPhase;
			buildActionMask = 2147483647;
			files = (
				ABC20839193922CF00128F18 /* InfoPlist.strings in Resources */,
			);
			runOnlyForDeploymentPostprocessing = 0;
		};
/* End PBXResourcesBuildPhase section */

/* Begin PBXSourcesBuildPhase section */
		ABC2081C193922CF00128F18 /* Sources */ = {
			isa = PBXSourcesBuildPhase;
			buildActionMask = 2147483647;
			files = (
				ABC20828193922CF00128F18 /* Settings.m in Sources */,
			);
			runOnlyForDeploymentPostprocessing = 0;
		};
		ABC20829193922CF00128F18 /* Sources */ = {
			isa = PBXSourcesBuildPhase;
			buildActionMask = 2147483647;
			files = (
				ABC2083B193922CF00128F18 /* SettingsTests.m in Sources */,
			);
			runOnlyForDeploymentPostprocessing = 0;
		};
/* End PBXSourcesBuildPhase section */

/* Begin PBXTargetDependency section */
		ABC20832193922CF00128F18 /* PBXTargetDependency */ = {
			isa = PBXTargetDependency;
			target = ABC2081F193922CF00128F18 /* Settings */;
			targetProxy = ABC20831193922CF00128F18 /* PBXContainerItemProxy */;
		};
/* End PBXTargetDependency section */

/* Begin PBXVariantGroup section */
		ABC20837193922CF00128F18 /* InfoPlist.strings */ = {
			isa = PBXVariantGroup;
			children = (
				ABC20838193922CF00128F18 /* en */,
			);
			name = InfoPlist.strings;
			sourceTree = "<group>";
		};
/* End PBXVariantGroup section */

/* Begin XCBuildConfiguration section */
		ABC208131939223900128F18 /* Debug */ = {
			isa = XCBuildConfiguration;
			buildSettings = {
				ALWAYS_SEARCH_USER_PATHS = NO;
				CLANG_CXX_LANGUAGE_STANDARD = "gnu++0x";
				CLANG_CXX_LIBRARY = "libc++";
				CLANG_ENABLE_MODULES = YES;
				CLANG_ENABLE_OBJC_ARC = YES;
				CLANG_WARN_BOOL_CONVERSION = YES;
				CLANG_WARN_CONSTANT_CONVERSION = YES;
				CLANG_WARN_DIRECT_OBJC_ISA_USAGE = YES_ERROR;
				CLANG_WARN_EMPTY_BODY = YES;
				CLANG_WARN_ENUM_CONVERSION = YES;
				CLANG_WARN_INT_CONVERSION = YES;
				CLANG_WARN_OBJC_ROOT_CLASS = YES_ERROR;
				CLANG_WARN__DUPLICATE_METHOD_MATCH = YES;
				COPY_PHASE_STRIP = NO;
				GCC_C_LANGUAGE_STANDARD = gnu99;
				GCC_DYNAMIC_NO_PIC = NO;
				GCC_OPTIMIZATION_LEVEL = 0;
				GCC_PREPROCESSOR_DEFINITIONS = (
					"DEBUG=1",
					"$(inherited)",
				);
				GCC_SYMBOLS_PRIVATE_EXTERN = NO;
				GCC_WARN_64_TO_32_BIT_CONVERSION = YES;
				GCC_WARN_ABOUT_RETURN_TYPE = YES_ERROR;
				GCC_WARN_UNDECLARED_SELECTOR = YES;
				GCC_WARN_UNINITIALIZED_AUTOS = YES_AGGRESSIVE;
				GCC_WARN_UNUSED_FUNCTION = YES;
				GCC_WARN_UNUSED_VARIABLE = YES;
				IPHONEOS_DEPLOYMENT_TARGET = 7.1;
				ONLY_ACTIVE_ARCH = YES;
				SDKROOT = iphoneos;
			};
			name = Debug;
		};
		ABC208141939223900128F18 /* Release */ = {
			isa = XCBuildConfiguration;
			buildSettings = {
				ALWAYS_SEARCH_USER_PATHS = NO;
				CLANG_CXX_LANGUAGE_STANDARD = "gnu++0x";
				CLANG_CXX_LIBRARY = "libc++";
				CLANG_ENABLE_MODULES = YES;
				CLANG_ENABLE_OBJC_ARC = YES;
				CLANG_WARN_BOOL_CONVERSION = YES;
				CLANG_WARN_CONSTANT_CONVERSION = YES;
				CLANG_WARN_DIRECT_OBJC_ISA_USAGE = YES_ERROR;
				CLANG_WARN_EMPTY_BODY = YES;
				CLANG_WARN_ENUM_CONVERSION = YES;
				CLANG_WARN_INT_CONVERSION = YES;
				CLANG_WARN_OBJC_ROOT_CLASS = YES_ERROR;
				CLANG_WARN__DUPLICATE_METHOD_MATCH = YES;
				COPY_PHASE_STRIP = YES;
				ENABLE_NS_ASSERTIONS = NO;
				GCC_C_LANGUAGE_STANDARD = gnu99;
				GCC_WARN_64_TO_32_BIT_CONVERSION = YES;
				GCC_WARN_ABOUT_RETURN_TYPE = YES_ERROR;
				GCC_WARN_UNDECLARED_SELECTOR = YES;
				GCC_WARN_UNINITIALIZED_AUTOS = YES_AGGRESSIVE;
				GCC_WARN_UNUSED_FUNCTION = YES;
				GCC_WARN_UNUSED_VARIABLE = YES;
				IPHONEOS_DEPLOYMENT_TARGET = 7.1;
				SDKROOT = iphoneos;
				VALIDATE_PRODUCT = YES;
			};
			name = Release;
		};
		ABC2083D193922CF00128F18 /* Debug */ = {
			isa = XCBuildConfiguration;
			buildSettings = {
				DSTROOT = /tmp/Settings.dst;
				GCC_PRECOMPILE_PREFIX_HEADER = YES;
				GCC_PREFIX_HEADER = "Settings/Settings-Prefix.pch";
				GCC_PREPROCESSOR_DEFINITIONS = (
					"DEBUG=1",
					"$(inherited)",
				);
				OTHER_LDFLAGS = "-ObjC";
				PRODUCT_NAME = "$(TARGET_NAME)";
				SKIP_INSTALL = YES;
			};
			name = Debug;
		};
		ABC2083E193922CF00128F18 /* Release */ = {
			isa = XCBuildConfiguration;
			buildSettings = {
				DSTROOT = /tmp/Settings.dst;
				GCC_PRECOMPILE_PREFIX_HEADER = YES;
				GCC_PREFIX_HEADER = "Settings/Settings-Prefix.pch";
				OTHER_LDFLAGS = "-ObjC";
				PRODUCT_NAME = "$(TARGET_NAME)";
				SKIP_INSTALL = YES;
			};
			name = Release;
		};
		ABC20840193922CF00128F18 /* Debug */ = {
			isa = XCBuildConfiguration;
			buildSettings = {
				FRAMEWORK_SEARCH_PATHS = (
					"$(SDKROOT)/Developer/Library/Frameworks",
					"$(inherited)",
					"$(DEVELOPER_FRAMEWORKS_DIR)",
				);
				GCC_PRECOMPILE_PREFIX_HEADER = YES;
				GCC_PREFIX_HEADER = "Settings/Settings-Prefix.pch";
				GCC_PREPROCESSOR_DEFINITIONS = (
					"DEBUG=1",
					"$(inherited)",
				);
				INFOPLIST_FILE = "SettingsTests/SettingsTests-Info.plist";
				PRODUCT_NAME = "$(TARGET_NAME)";
				WRAPPER_EXTENSION = xctest;
			};
			name = Debug;
		};
		ABC20841193922CF00128F18 /* Release */ = {
			isa = XCBuildConfiguration;
			buildSettings = {
				FRAMEWORK_SEARCH_PATHS = (
					"$(SDKROOT)/Developer/Library/Frameworks",
					"$(inherited)",
					"$(DEVELOPER_FRAMEWORKS_DIR)",
				);
				GCC_PRECOMPILE_PREFIX_HEADER = YES;
				GCC_PREFIX_HEADER = "Settings/Settings-Prefix.pch";
				INFOPLIST_FILE = "SettingsTests/SettingsTests-Info.plist";
				PRODUCT_NAME = "$(TARGET_NAME)";
				WRAPPER_EXTENSION = xctest;
			};
			name = Release;
		};
/* End XCBuildConfiguration section */

/* Begin XCConfigurationList section */
		ABC207ED1939223900128F18 /* Build configuration list for PBXProject "GLibrary" */ = {
			isa = XCConfigurationList;
			buildConfigurations = (
				ABC208131939223900128F18 /* Debug */,
				ABC208141939223900128F18 /* Release */,
			);
			defaultConfigurationIsVisible = 0;
			defaultConfigurationName = Release;
		};
		ABC2083C193922CF00128F18 /* Build configuration list for PBXNativeTarget "Settings" */ = {
			isa = XCConfigurationList;
			buildConfigurations = (
				ABC2083D193922CF00128F18 /* Debug */,
				ABC2083E193922CF00128F18 /* Release */,
			);
			defaultConfigurationIsVisible = 0;
		};
		ABC2083F193922CF00128F18 /* Build configuration list for PBXNativeTarget "SettingsTests" */ = {
			isa = XCConfigurationList;
			buildConfigurations = (
				ABC20840193922CF00128F18 /* Debug */,
				ABC20841193922CF00128F18 /* Release */,
			);
			defaultConfigurationIsVisible = 0;
		};
/* End XCConfigurationList section */
	};
	rootObject = ABC207EA1939223900128F18 /* Project object */;
}
